
Microsoft Visual Studio Solution File, Format Version 12.00
# Visual Studio 2013
VisualStudioVersion = 12.0.31101.0
MinimumVisualStudioVersion = 10.0.40219.1
Project("{2150E333-8FDC-42A3-9474-1A3956D46DE8}") = "Libraries", "Libraries", "{F85B5036-BAAE-4E9D-B2D0-0566428B4C03}"
EndProject
Project("{2150E333-8FDC-42A3-9474-1A3956D46DE8}") = "Presentation", "Presentation", "{E55E7799-1CCA-489E-8B86-86124ACD0CAE}"
EndProject
Project("{2150E333-8FDC-42A3-9474-1A3956D46DE8}") = "Tests", "Tests", "{B300FCBE-3466-43D3-AD6E-E22ACE7591D8}"
EndProject
Project("{FAE04EC0-301F-11D3-BF4B-00C04F79EFBC}") = "T802.Web.Tests", "T802.Web.Tests\T802.Web.Tests.csproj", "{222D7462-470E-4D63-91D5-AF9271B4C58D}"
EndProject
Project("{FAE04EC0-301F-11D3-BF4B-00C04F79EFBC}") = "T802.Data", "T802.Data\T802.Data.csproj", "{DFEF0F64-F5D8-4BB0-8E5A-D47C2567E658}"
EndProject
Project("{FAE04EC0-301F-11D3-BF4B-00C04F79EFBC}") = "T802.Web", "T802.Web\T802.Web.csproj", "{C10110B7-A5E4-4B51-B80B-0D92E78CA6EC}"
EndProject
Project("{FAE04EC0-301F-11D3-BF4B-00C04F79EFBC}") = "T802.Core", "T802.Core\T802.Core.csproj", "{FC5C8F15-7DAC-4B82-8CD2-19C9C7EB024C}"
EndProject
Project("{FAE04EC0-301F-11D3-BF4B-00C04F79EFBC}") = "T802.Services", "T802.Services\T802.Services.csproj", "{76FAE19A-9A86-43E7-A58C-6E8CCF761390}"
EndProject
Project("{BB40F520-413E-3EBA-ABD4-2177801094F0}") = "T802.CloudService", "T802.CloudService\T802.CloudService.ccproj", "{8B6DF73F-E1D9-477B-A805-111EEC027836}"
EndProject
Project("{FAE04EC0-301F-11D3-BF4B-00C04F79EFBC}") = "T802.WorkerRoleAchievementAwarder", "T802.WorkerRoleAchievementAwarder\T802.WorkerRoleAchievementAwarder.csproj", "{3231AA4D-9FD8-4032-AF1E-E673063008CE}"
EndProject
Project("{2150E333-8FDC-42A3-9474-1A3956D46DE8}") = "WorkerRoles", "WorkerRoles", "{0303DAFB-E1AB-40AE-B9BA-0589F6A165CC}"
EndProject
Project("{FAE04EC0-301F-11D3-BF4B-00C04F79EFBC}") = "T802.ServiceBusMessaging", "T802.ServiceBusMessaging\T802.ServiceBusMessaging.csproj", "{004BEE07-1E3D-42EF-BF4B-653C9DE8E546}"
EndProject
Global
	GlobalSection(SolutionConfigurationPlatforms) = preSolution
		Debug|Any CPU = Debug|Any CPU
		Release|Any CPU = Release|Any CPU
	EndGlobalSection
	GlobalSection(ProjectConfigurationPlatforms) = postSolution
		{222D7462-470E-4D63-91D5-AF9271B4C58D}.Debug|Any CPU.ActiveCfg = Debug|Any CPU
		{222D7462-470E-4D63-91D5-AF9271B4C58D}.Debug|Any CPU.Build.0 = Debug|Any CPU
		{222D7462-470E-4D63-91D5-AF9271B4C58D}.Release|Any CPU.ActiveCfg = Release|Any CPU
		{222D7462-470E-4D63-91D5-AF9271B4C58D}.Release|Any CPU.Build.0 = Release|Any CPU
		{DFEF0F64-F5D8-4BB0-8E5A-D47C2567E658}.Debug|Any CPU.ActiveCfg = Debug|Any CPU
		{DFEF0F64-F5D8-4BB0-8E5A-D47C2567E658}.Debug|Any CPU.Build.0 = Debug|Any CPU
		{DFEF0F64-F5D8-4BB0-8E5A-D47C2567E658}.Release|Any CPU.ActiveCfg = Release|Any CPU
		{DFEF0F64-F5D8-4BB0-8E5A-D47C2567E658}.Release|Any CPU.Build.0 = Release|Any CPU
		{C10110B7-A5E4-4B51-B80B-0D92E78CA6EC}.Debug|Any CPU.ActiveCfg = Debug|Any CPU
		{C10110B7-A5E4-4B51-B80B-0D92E78CA6EC}.Debug|Any CPU.Build.0 = Debug|Any CPU
		{C10110B7-A5E4-4B51-B80B-0D92E78CA6EC}.Release|Any CPU.ActiveCfg = Release|Any CPU
		{C10110B7-A5E4-4B51-B80B-0D92E78CA6EC}.Release|Any CPU.Build.0 = Release|Any CPU
		{FC5C8F15-7DAC-4B82-8CD2-19C9C7EB024C}.Debug|Any CPU.ActiveCfg = Debug|Any CPU
		{FC5C8F15-7DAC-4B82-8CD2-19C9C7EB024C}.Debug|Any CPU.Build.0 = Debug|Any CPU
		{FC5C8F15-7DAC-4B82-8CD2-19C9C7EB024C}.Release|Any CPU.ActiveCfg = Release|Any CPU
		{FC5C8F15-7DAC-4B82-8CD2-19C9C7EB024C}.Release|Any CPU.Build.0 = Release|Any CPU
		{76FAE19A-9A86-43E7-A58C-6E8CCF761390}.Debug|Any CPU.ActiveCfg = Debug|Any CPU
		{76FAE19A-9A86-43E7-A58C-6E8CCF761390}.Debug|Any CPU.Build.0 = Debug|Any CPU
		{76FAE19A-9A86-43E7-A58C-6E8CCF761390}.Release|Any CPU.ActiveCfg = Release|Any CPU
		{76FAE19A-9A86-43E7-A58C-6E8CCF761390}.Release|Any CPU.Build.0 = Release|Any CPU
		{8B6DF73F-E1D9-477B-A805-111EEC027836}.Debug|Any CPU.ActiveCfg = Debug|Any CPU
		{8B6DF73F-E1D9-477B-A805-111EEC027836}.Debug|Any CPU.Build.0 = Debug|Any CPU
		{8B6DF73F-E1D9-477B-A805-111EEC027836}.Release|Any CPU.ActiveCfg = Release|Any CPU
		{8B6DF73F-E1D9-477B-A805-111EEC027836}.Release|Any CPU.Build.0 = Release|Any CPU
		{3231AA4D-9FD8-4032-AF1E-E673063008CE}.Debug|Any CPU.ActiveCfg = Debug|Any CPU
		{3231AA4D-9FD8-4032-AF1E-E673063008CE}.Debug|Any CPU.Build.0 = Debug|Any CPU
		{3231AA4D-9FD8-4032-AF1E-E673063008CE}.Release|Any CPU.ActiveCfg = Release|Any CPU
		{3231AA4D-9FD8-4032-AF1E-E673063008CE}.Release|Any CPU.Build.0 = Release|Any CPU
		{004BEE07-1E3D-42EF-BF4B-653C9DE8E546}.Debug|Any CPU.ActiveCfg = Debug|Any CPU
		{004BEE07-1E3D-42EF-BF4B-653C9DE8E546}.Debug|Any CPU.Build.0 = Debug|Any CPU
		{004BEE07-1E3D-42EF-BF4B-653C9DE8E546}.Release|Any CPU.ActiveCfg = Release|Any CPU
		{004BEE07-1E3D-42EF-BF4B-653C9DE8E546}.Release|Any CPU.Build.0 = Release|Any CPU
	EndGlobalSection
	GlobalSection(SolutionProperties) = preSolution
		HideSolutionNode = FALSE
	EndGlobalSection
	GlobalSection(NestedProjects) = preSolution
		{222D7462-470E-4D63-91D5-AF9271B4C58D} = {B300FCBE-3466-43D3-AD6E-E22ACE7591D8}
		{DFEF0F64-F5D8-4BB0-8E5A-D47C2567E658} = {F85B5036-BAAE-4E9D-B2D0-0566428B4C03}
		{C10110B7-A5E4-4B51-B80B-0D92E78CA6EC} = {E55E7799-1CCA-489E-8B86-86124ACD0CAE}
		{FC5C8F15-7DAC-4B82-8CD2-19C9C7EB024C} = {F85B5036-BAAE-4E9D-B2D0-0566428B4C03}
		{76FAE19A-9A86-43E7-A58C-6E8CCF761390} = {F85B5036-BAAE-4E9D-B2D0-0566428B4C03}
		{3231AA4D-9FD8-4032-AF1E-E673063008CE} = {0303DAFB-E1AB-40AE-B9BA-0589F6A165CC}
		{004BEE07-1E3D-42EF-BF4B-653C9DE8E546} = {F85B5036-BAAE-4E9D-B2D0-0566428B4C03}
	EndGlobalSection
EndGlobal
